
Microsoft Visual Studio Solution File, Format Version 12.00
# Visual Studio Version 17
VisualStudioVersion = 17.0.31903.59
MinimumVisualStudioVersion = 10.0.40219.1
Project("{FAE04EC0-301F-11D3-BF4B-00C04F79EFBC}") = "LineSorterGeneratorApp", "LineSorterGeneratorApp\LineSorterGeneratorApp.csproj", "{71FDF690-4097-490D-A683-C33415F825FD}"
EndProject
Project("{FAE04EC0-301F-11D3-BF4B-00C04F79EFBC}") = "LineSorterApp", "LineSorterApp\LineSorterApp.csproj", "{206D760F-70DE-44D4-8450-9E45206C70EE}"
EndProject
Global
	GlobalSection(SolutionConfigurationPlatforms) = preSolution
		Debug|Any CPU = Debug|Any CPU
		Release|Any CPU = Release|Any CPU
	EndGlobalSection
	GlobalSection(SolutionProperties) = preSolution
		HideSolutionNode = FALSE
	EndGlobalSection
	GlobalSection(ProjectConfigurationPlatforms) = postSolution
		{71FDF690-4097-490D-A683-C33415F825FD}.Debug|Any CPU.ActiveCfg = Debug|Any CPU
		{71FDF690-4097-490D-A683-C33415F825FD}.Debug|Any CPU.Build.0 = Debug|Any CPU
		{71FDF690-4097-490D-A683-C33415F825FD}.Release|Any CPU.ActiveCfg = Release|Any CPU
		{71FDF690-4097-490D-A683-C33415F825FD}.Release|Any CPU.Build.0 = Release|Any CPU
		{206D760F-70DE-44D4-8450-9E45206C70EE}.Debug|Any CPU.ActiveCfg = Debug|Any CPU
		{206D760F-70DE-44D4-8450-9E45206C70EE}.Debug|Any CPU.Build.0 = Debug|Any CPU
		{206D760F-70DE-44D4-8450-9E45206C70EE}.Release|Any CPU.ActiveCfg = Release|Any CPU
		{206D760F-70DE-44D4-8450-9E45206C70EE}.Release|Any CPU.Build.0 = Release|Any CPU
	EndGlobalSection
EndGlobal
